// !$*UTF8*$!
{
	archiveVersion = 1;
	classes = {
	};
	objectVersion = 50;
	objects = {

/* Begin PBXBuildFile section */
		87D50E6325E99AFF00375389 /* AppDelegate.swift in Sources */ = {isa = PBXBuildFile; fileRef = 87D50E6225E99AFF00375389 /* AppDelegate.swift */; };
		87D50E6925E99AFF00375389 /* GameScene.swift in Sources */ = {isa = PBXBuildFile; fileRef = 87D50E6825E99AFF00375389 /* GameScene.swift */; };
		87D50E6B25E99AFF00375389 /* GameViewController.swift in Sources */ = {isa = PBXBuildFile; fileRef = 87D50E6A25E99AFF00375389 /* GameViewController.swift */; };
		87D50E6E25E99AFF00375389 /* Main.storyboard in Resources */ = {isa = PBXBuildFile; fileRef = 87D50E6C25E99AFF00375389 /* Main.storyboard */; };
		87D50E7025E99B0200375389 /* Assets.xcassets in Resources */ = {isa = PBXBuildFile; fileRef = 87D50E6F25E99B0200375389 /* Assets.xcassets */; };
		87D50E7A25EA493000375389 /* Backgraund.swift in Sources */ = {isa = PBXBuildFile; fileRef = 87D50E7925EA493000375389 /* Backgraund.swift */; };
		87D50E8525EA55FA00375389 /* Island.swift in Sources */ = {isa = PBXBuildFile; fileRef = 87D50E8425EA55FA00375389 /* Island.swift */; };
		87D50E8825EA63E600375389 /* Cloud.swift in Sources */ = {isa = PBXBuildFile; fileRef = 87D50E8725EA63E600375389 /* Cloud.swift */; };
		87D50E8F25EBB05800375389 /* PlayrPlain.swift in Sources */ = {isa = PBXBuildFile; fileRef = 87D50E8E25EBB05800375389 /* PlayrPlain.swift */; };
		87D50E9325EBB11B00375389 /* PlayerPlane.atlas in Resources */ = {isa = PBXBuildFile; fileRef = 87D50E9225EBB11B00375389 /* PlayerPlane.atlas */; };
		87D50E9A25EC248A00375389 /* ProtokolGameExtansion.swift in Sources */ = {isa = PBXBuildFile; fileRef = 87D50E9925EC248A00375389 /* ProtokolGameExtansion.swift */; };
/* End PBXBuildFile section */

/* Begin PBXFileReference section */
		87D50E5F25E99AFF00375389 /* WarFly.app */ = {isa = PBXFileReference; explicitFileType = wrapper.application; includeInIndex = 0; path = WarFly.app; sourceTree = BUILT_PRODUCTS_DIR; };
		87D50E6225E99AFF00375389 /* AppDelegate.swift */ = {isa = PBXFileReference; lastKnownFileType = sourcecode.swift; path = AppDelegate.swift; sourceTree = "<group>"; };
		87D50E6825E99AFF00375389 /* GameScene.swift */ = {isa = PBXFileReference; lastKnownFileType = sourcecode.swift; path = GameScene.swift; sourceTree = "<group>"; };
		87D50E6A25E99AFF00375389 /* GameViewController.swift */ = {isa = PBXFileReference; lastKnownFileType = sourcecode.swift; path = GameViewController.swift; sourceTree = "<group>"; };
		87D50E6D25E99AFF00375389 /* Base */ = {isa = PBXFileReference; lastKnownFileType = file.storyboard; name = Base; path = Base.lproj/Main.storyboard; sourceTree = "<group>"; };
		87D50E6F25E99B0200375389 /* Assets.xcassets */ = {isa = PBXFileReference; lastKnownFileType = folder.assetcatalog; path = Assets.xcassets; sourceTree = "<group>"; };
		87D50E7125E99B0200375389 /* Info.plist */ = {isa = PBXFileReference; lastKnownFileType = text.plist.xml; path = Info.plist; sourceTree = "<group>"; };
		87D50E7925EA493000375389 /* Backgraund.swift */ = {isa = PBXFileReference; lastKnownFileType = sourcecode.swift; path = Backgraund.swift; sourceTree = "<group>"; };
		87D50E8425EA55FA00375389 /* Island.swift */ = {isa = PBXFileReference; lastKnownFileType = sourcecode.swift; path = Island.swift; sourceTree = "<group>"; };
		87D50E8725EA63E600375389 /* Cloud.swift */ = {isa = PBXFileReference; lastKnownFileType = sourcecode.swift; path = Cloud.swift; sourceTree = "<group>"; };
		87D50E8E25EBB05800375389 /* PlayrPlain.swift */ = {isa = PBXFileReference; lastKnownFileType = sourcecode.swift; path = PlayrPlain.swift; sourceTree = "<group>"; };
		87D50E9225EBB11B00375389 /* PlayerPlane.atlas */ = {isa = PBXFileReference; lastKnownFileType = folder.skatlas; path = PlayerPlane.atlas; sourceTree = "<group>"; };
		87D50E9925EC248A00375389 /* ProtokolGameExtansion.swift */ = {isa = PBXFileReference; lastKnownFileType = sourcecode.swift; path = ProtokolGameExtansion.swift; sourceTree = "<group>"; };
/* End PBXFileReference section */

/* Begin PBXFrameworksBuildPhase section */
		87D50E5C25E99AFF00375389 /* Frameworks */ = {
			isa = PBXFrameworksBuildPhase;
			buildActionMask = 2147483647;
			files = (
			);
			runOnlyForDeploymentPostprocessing = 0;
		};
/* End PBXFrameworksBuildPhase section */

/* Begin PBXGroup section */
		87D50E5625E99AFF00375389 = {
			isa = PBXGroup;
			children = (
				87D50E6125E99AFF00375389 /* WarFly */,
				87D50E6025E99AFF00375389 /* Products */,
			);
			sourceTree = "<group>";
		};
		87D50E6025E99AFF00375389 /* Products */ = {
			isa = PBXGroup;
			children = (
				87D50E5F25E99AFF00375389 /* WarFly.app */,
			);
			name = Products;
			sourceTree = "<group>";
		};
		87D50E6125E99AFF00375389 /* WarFly */ = {
			isa = PBXGroup;
			children = (
				87D50E6225E99AFF00375389 /* AppDelegate.swift */,
				87D50E6825E99AFF00375389 /* GameScene.swift */,
				87D50E8E25EBB05800375389 /* PlayrPlain.swift */,
				87D50E8725EA63E600375389 /* Cloud.swift */,
				87D50E8425EA55FA00375389 /* Island.swift */,
				87D50E9925EC248A00375389 /* ProtokolGameExtansion.swift */,
				87D50E7925EA493000375389 /* Backgraund.swift */,
				87D50E6A25E99AFF00375389 /* GameViewController.swift */,
				87D50E6C25E99AFF00375389 /* Main.storyboard */,
				87D50E9225EBB11B00375389 /* PlayerPlane.atlas */,
				87D50E6F25E99B0200375389 /* Assets.xcassets */,
				87D50E7125E99B0200375389 /* Info.plist */,
			);
			path = WarFly;
			sourceTree = "<group>";
		};
/* End PBXGroup section */

/* Begin PBXNativeTarget section */
		87D50E5E25E99AFF00375389 /* WarFly */ = {
			isa = PBXNativeTarget;
			buildConfigurationList = 87D50E7425E99B0200375389 /* Build configuration list for PBXNativeTarget "WarFly" */;
			buildPhases = (
				87D50E5B25E99AFF00375389 /* Sources */,
				87D50E5C25E99AFF00375389 /* Frameworks */,
				87D50E5D25E99AFF00375389 /* Resources */,
			);
			buildRules = (
			);
			dependencies = (
			);
			name = WarFly;
			productName = WarFly;
			productReference = 87D50E5F25E99AFF00375389 /* WarFly.app */;
			productType = "com.apple.product-type.application";
		};
/* End PBXNativeTarget section */

/* Begin PBXProject section */
		87D50E5725E99AFF00375389 /* Project object */ = {
			isa = PBXProject;
			attributes = {
				LastSwiftUpdateCheck = 1240;
				LastUpgradeCheck = 1240;
				TargetAttributes = {
					87D50E5E25E99AFF00375389 = {
						CreatedOnToolsVersion = 12.4;
					};
				};
			};
			buildConfigurationList = 87D50E5A25E99AFF00375389 /* Build configuration list for PBXProject "WarFly" */;
			compatibilityVersion = "Xcode 9.3";
			developmentRegion = en;
			hasScannedForEncodings = 0;
			knownRegions = (
				en,
				Base,
			);
			mainGroup = 87D50E5625E99AFF00375389;
			productRefGroup = 87D50E6025E99AFF00375389 /* Products */;
			projectDirPath = "";
			projectRoot = "";
			targets = (
				87D50E5E25E99AFF00375389 /* WarFly */,
			);
		};
/* End PBXProject section */

/* Begin PBXResourcesBuildPhase section */
		87D50E5D25E99AFF00375389 /* Resources */ = {
			isa = PBXResourcesBuildPhase;
			buildActionMask = 2147483647;
			files = (
				87D50E9325EBB11B00375389 /* PlayerPlane.atlas in Resources */,
				87D50E6E25E99AFF00375389 /* Main.storyboard in Resources */,
				87D50E7025E99B0200375389 /* Assets.xcassets in Resources */,
			);
			runOnlyForDeploymentPostprocessing = 0;
		};
/* End PBXResourcesBuildPhase section */

/* Begin PBXSourcesBuildPhase section */
		87D50E5B25E99AFF00375389 /* Sources */ = {
			isa = PBXSourcesBuildPhase;
			buildActionMask = 2147483647;
			files = (
				87D50E8F25EBB05800375389 /* PlayrPlain.swift in Sources */,
				87D50E6925E99AFF00375389 /* GameScene.swift in Sources */,
				87D50E7A25EA493000375389 /* Backgraund.swift in Sources */,
				87D50E9A25EC248A00375389 /* ProtokolGameExtansion.swift in Sources */,
				87D50E6B25E99AFF00375389 /* GameViewController.swift in Sources */,
				87D50E8825EA63E600375389 /* Cloud.swift in Sources */,
				87D50E8525EA55FA00375389 /* Island.swift in Sources */,
				87D50E6325E99AFF00375389 /* AppDelegate.swift in Sources */,
			);
			runOnlyForDeploymentPostprocessing = 0;
		};
/* End PBXSourcesBuildPhase section */

/* Begin PBXVariantGroup section */
		87D50E6C25E99AFF00375389 /* Main.storyboard */ = {
			isa = PBXVariantGroup;
			children = (
				87D50E6D25E99AFF00375389 /* Base */,
			);
			name = Main.storyboard;
			sourceTree = "<group>";
		};
/* End PBXVariantGroup section */

/* Begin XCBuildConfiguration section */
		87D50E7225E99B0200375389 /* Debug */ = {
			isa = XCBuildConfiguration;
			buildSettings = {
				ALWAYS_SEARCH_USER_PATHS = NO;
				CLANG_ANALYZER_NONNULL = YES;
				CLANG_ANALYZER_NUMBER_OBJECT_CONVERSION = YES_AGGRESSIVE;
				CLANG_CXX_LANGUAGE_STANDARD = "gnu++14";
				CLANG_CXX_LIBRARY = "libc++";
				CLANG_ENABLE_MODULES = YES;
				CLANG_ENABLE_OBJC_ARC = YES;
				CLANG_ENABLE_OBJC_WEAK = YES;
				CLANG_WARN_BLOCK_CAPTURE_AUTORELEASING = YES;
				CLANG_WARN_BOOL_CONVERSION = YES;
				CLANG_WARN_COMMA = YES;
				CLANG_WARN_CONSTANT_CONVERSION = YES;
				CLANG_WARN_DEPRECATED_OBJC_IMPLEMENTATIONS = YES;
				CLANG_WARN_DIRECT_OBJC_ISA_USAGE = YES_ERROR;
				CLANG_WARN_DOCUMENTATION_COMMENTS = YES;
				CLANG_WARN_EMPTY_BODY = YES;
				CLANG_WARN_ENUM_CONVERSION = YES;
				CLANG_WARN_INFINITE_RECURSION = YES;
				CLANG_WARN_INT_CONVERSION = YES;
				CLANG_WARN_NON_LITERAL_NULL_CONVERSION = YES;
				CLANG_WARN_OBJC_IMPLICIT_RETAIN_SELF = YES;
				CLANG_WARN_OBJC_LITERAL_CONVERSION = YES;
				CLANG_WARN_OBJC_ROOT_CLASS = YES_ERROR;
				CLANG_WARN_QUOTED_INCLUDE_IN_FRAMEWORK_HEADER = YES;
				CLANG_WARN_RANGE_LOOP_ANALYSIS = YES;
				CLANG_WARN_STRICT_PROTOTYPES = YES;
				CLANG_WARN_SUSPICIOUS_MOVE = YES;
				CLANG_WARN_UNGUARDED_AVAILABILITY = YES_AGGRESSIVE;
				CLANG_WARN_UNREACHABLE_CODE = YES;
				CLANG_WARN__DUPLICATE_METHOD_MATCH = YES;
				COPY_PHASE_STRIP = NO;
				DEBUG_INFORMATION_FORMAT = dwarf;
				ENABLE_STRICT_OBJC_MSGSEND = YES;
				ENABLE_TESTABILITY = YES;
				GCC_C_LANGUAGE_STANDARD = gnu11;
				GCC_DYNAMIC_NO_PIC = NO;
				GCC_NO_COMMON_BLOCKS = YES;
				GCC_OPTIMIZATION_LEVEL = 0;
				GCC_PREPROCESSOR_DEFINITIONS = (
					"DEBUG=1",
					"$(inherited)",
				);
				GCC_WARN_64_TO_32_BIT_CONVERSION = YES;
				GCC_WARN_ABOUT_RETURN_TYPE = YES_ERROR;
				GCC_WARN_UNDECLARED_SELECTOR = YES;
				GCC_WARN_UNINITIALIZED_AUTOS = YES_AGGRESSIVE;
				GCC_WARN_UNUSED_FUNCTION = YES;
				GCC_WARN_UNUSED_VARIABLE = YES;
				IPHONEOS_DEPLOYMENT_TARGET = 14.4;
				MTL_ENABLE_DEBUG_INFO = INCLUDE_SOURCE;
				MTL_FAST_MATH = YES;
				ONLY_ACTIVE_ARCH = YES;
				SDKROOT = iphoneos;
				SWIFT_ACTIVE_COMPILATION_CONDITIONS = DEBUG;
				SWIFT_OPTIMIZATION_LEVEL = "-Onone";
			};
			name = Debug;
		};
		87D50E7325E99B0200375389 /* Release */ = {
			isa = XCBuildConfiguration;
			buildSettings = {
				ALWAYS_SEARCH_USER_PATHS = NO;
				CLANG_ANALYZER_NONNULL = YES;
				CLANG_ANALYZER_NUMBER_OBJECT_CONVERSION = YES_AGGRESSIVE;
				CLANG_CXX_LANGUAGE_STANDARD = "gnu++14";
				CLANG_CXX_LIBRARY = "libc++";
				CLANG_ENABLE_MODULES = YES;
				CLANG_ENABLE_OBJC_ARC = YES;
				CLANG_ENABLE_OBJC_WEAK = YES;
				CLANG_WARN_BLOCK_CAPTURE_AUTORELEASING = YES;
				CLANG_WARN_BOOL_CONVERSION = YES;
				CLANG_WARN_COMMA = YES;
				CLANG_WARN_CONSTANT_CONVERSION = YES;
				CLANG_WARN_DEPRECATED_OBJC_IMPLEMENTATIONS = YES;
				CLANG_WARN_DIRECT_OBJC_ISA_USAGE = YES_ERROR;
				CLANG_WARN_DOCUMENTATION_COMMENTS = YES;
				CLANG_WARN_EMPTY_BODY = YES;
				CLANG_WARN_ENUM_CONVERSION = YES;
				CLANG_WARN_INFINITE_RECURSION = YES;
				CLANG_WARN_INT_CONVERSION = YES;
				CLANG_WARN_NON_LITERAL_NULL_CONVERSION = YES;
				CLANG_WARN_OBJC_IMPLICIT_RETAIN_SELF = YES;
				CLANG_WARN_OBJC_LITERAL_CONVERSION = YES;
				CLANG_WARN_OBJC_ROOT_CLASS = YES_ERROR;
				CLANG_WARN_QUOTED_INCLUDE_IN_FRAMEWORK_HEADER = YES;
				CLANG_WARN_RANGE_LOOP_ANALYSIS = YES;
				CLANG_WARN_STRICT_PROTOTYPES = YES;
				CLANG_WARN_SUSPICIOUS_MOVE = YES;
				CLANG_WARN_UNGUARDED_AVAILABILITY = YES_AGGRESSIVE;
				CLANG_WARN_UNREACHABLE_CODE = YES;
				CLANG_WARN__DUPLICATE_METHOD_MATCH = YES;
				COPY_PHASE_STRIP = NO;
				DEBUG_INFORMATION_FORMAT = "dwarf-with-dsym";
				ENABLE_NS_ASSERTIONS = NO;
				ENABLE_STRICT_OBJC_MSGSEND = YES;
				GCC_C_LANGUAGE_STANDARD = gnu11;
				GCC_NO_COMMON_BLOCKS = YES;
				GCC_WARN_64_TO_32_BIT_CONVERSION = YES;
				GCC_WARN_ABOUT_RETURN_TYPE = YES_ERROR;
				GCC_WARN_UNDECLARED_SELECTOR = YES;
				GCC_WARN_UNINITIALIZED_AUTOS = YES_AGGRESSIVE;
				GCC_WARN_UNUSED_FUNCTION = YES;
				GCC_WARN_UNUSED_VARIABLE = YES;
				IPHONEOS_DEPLOYMENT_TARGET = 14.4;
				MTL_ENABLE_DEBUG_INFO = NO;
				MTL_FAST_MATH = YES;
				SDKROOT = iphoneos;
				SWIFT_COMPILATION_MODE = wholemodule;
				SWIFT_OPTIMIZATION_LEVEL = "-O";
				VALIDATE_PRODUCT = YES;
			};
			name = Release;
		};
		87D50E7525E99B0200375389 /* Debug */ = {
			isa = XCBuildConfiguration;
			buildSettings = {
				ASSETCATALOG_COMPILER_APPICON_NAME = AppIcon;
				ASSETCATALOG_COMPILER_GLOBAL_ACCENT_COLOR_NAME = AccentColor;
				CODE_SIGN_STYLE = Automatic;
				DEVELOPMENT_TEAM = XYRYJ88DZU;
				INFOPLIST_FILE = WarFly/Info.plist;
				IPHONEOS_DEPLOYMENT_TARGET = 14.4;
				LD_RUNPATH_SEARCH_PATHS = (
					"$(inherited)",
					"@executable_path/Frameworks",
				);
				PRODUCT_BUNDLE_IDENTIFIER = SergeyGolubnik.WarFly;
				PRODUCT_NAME = "$(TARGET_NAME)";
				SWIFT_VERSION = 5.0;
				TARGETED_DEVICE_FAMILY = "1,2";
			};
			name = Debug;
		};
		87D50E7625E99B0200375389 /* Release */ = {
			isa = XCBuildConfiguration;
			buildSettings = {
				ASSETCATALOG_COMPILER_APPICON_NAME = AppIcon;
				ASSETCATALOG_COMPILER_GLOBAL_ACCENT_COLOR_NAME = AccentColor;
				CODE_SIGN_STYLE = Automatic;
				DEVELOPMENT_TEAM = XYRYJ88DZU;
				INFOPLIST_FILE = WarFly/Info.plist;
				IPHONEOS_DEPLOYMENT_TARGET = 14.4;
				LD_RUNPATH_SEARCH_PATHS = (
					"$(inherited)",
					"@executable_path/Frameworks",
				);
				PRODUCT_BUNDLE_IDENTIFIER = SergeyGolubnik.WarFly;
				PRODUCT_NAME = "$(TARGET_NAME)";
				SWIFT_VERSION = 5.0;
				TARGETED_DEVICE_FAMILY = "1,2";
			};
			name = Release;
		};
/* End XCBuildConfiguration section */

/* Begin XCConfigurationList section */
		87D50E5A25E99AFF00375389 /* Build configuration list for PBXProject "WarFly" */ = {
			isa = XCConfigurationList;
			buildConfigurations = (
				87D50E7225E99B0200375389 /* Debug */,
				87D50E7325E99B0200375389 /* Release */,
			);
			defaultConfigurationIsVisible = 0;
			defaultConfigurationName = Release;
		};
		87D50E7425E99B0200375389 /* Build configuration list for PBXNativeTarget "WarFly" */ = {
			isa = XCConfigurationList;
			buildConfigurations = (
				87D50E7525E99B0200375389 /* Debug */,
				87D50E7625E99B0200375389 /* Release */,
			);
			defaultConfigurationIsVisible = 0;
			defaultConfigurationName = Release;
		};
/* End XCConfigurationList section */
	};
	rootObject = 87D50E5725E99AFF00375389 /* Project object */;
}
